
Microsoft Visual Studio Solution File, Format Version 12.00
# Visual Studio Version 17
VisualStudioVersion = 17.4.33205.214
MinimumVisualStudioVersion = 10.0.40219.1
Project("{9A19103F-16F7-4668-BE54-9A1E7A4F7556}") = "BiblioFetch", "BiblioFetch.csproj", "{1FA923DF-D8EE-40A1-8EAB-C20220991880}"
EndProject
Project("{2150E333-8FDC-42A3-9474-1A3956D46DE8}") = "UI", "UI", "{7983DC51-94B5-40C5-A8FC-1432825D7320}"
EndProject
Project("{2150E333-8FDC-42A3-9474-1A3956D46DE8}") = "Services", "Services", "{8D4AA4E8-DEAC-4E37-9B54-0FE5C50C670C}"
EndProject
Project("{2150E333-8FDC-42A3-9474-1A3956D46DE8}") = "Repository", "Repository", "{B7B9A989-AEE1-409B-9DD0-EF099F2F703D}"
EndProject
Project("{2150E333-8FDC-42A3-9474-1A3956D46DE8}") = "Domain", "Domain", "{025343C8-7CF6-4D4F-8025-77CAF135E8AF}"
EndProject
Project("{9A19103F-16F7-4668-BE54-9A1E7A4F7556}") = "BiblioFetch.Models", "..\BiblioFetch.Models\BiblioFetch.Models.csproj", "{3FD0F401-392B-4F07-8F8D-C9F320D1F477}"
EndProject
Project("{2150E333-8FDC-42A3-9474-1A3956D46DE8}") = "InfrastructureServices", "InfrastructureServices", "{C0BEB62E-CA1B-4605-B5B6-7284318AE687}"
EndProject
Project("{2150E333-8FDC-42A3-9474-1A3956D46DE8}") = "Program", "Program", "{93F4F679-1CBC-4CFE-8F50-1B892ED791C0}"
EndProject
Project("{9A19103F-16F7-4668-BE54-9A1E7A4F7556}") = "BiblioFetch.HttpServices", "..\BiblioFetch.HttpServices\BiblioFetch.HttpServices.csproj", "{DD87A6C5-64AC-4531-9362-22748E7B2386}"
EndProject
Project("{2150E333-8FDC-42A3-9474-1A3956D46DE8}") = "Api", "Api", "{33EA4294-08E2-4E33-B41E-8734BC76A5BF}"
EndProject
Project("{9A19103F-16F7-4668-BE54-9A1E7A4F7556}") = "BiblioFetch.ServicesApi", "..\BiblioFetch.ServicesApi\BiblioFetch.ServicesApi.csproj", "{FF43E54B-3854-468A-9F1B-5D1203988A32}"
EndProject
Project("{2150E333-8FDC-42A3-9474-1A3956D46DE8}") = "UIServices", "UIServices", "{D1991C0D-C8FA-4804-8E83-D63FF8CE03A4}"
EndProject
Project("{2150E333-8FDC-42A3-9474-1A3956D46DE8}") = "Layout", "Layout", "{D1602758-F8CE-4F2D-BACA-097D990B3FF8}"
EndProject
Project("{2150E333-8FDC-42A3-9474-1A3956D46DE8}") = "UIProcessor", "UIProcessor", "{CEB137BF-B393-4B00-B34A-252D2E3EE761}"
EndProject
Project("{9A19103F-16F7-4668-BE54-9A1E7A4F7556}") = "BiblioFetch.Layout", "..\BiblioFetch.Layout\BiblioFetch.Layout.csproj", "{CD30B3BD-1851-4B93-BB59-4E8BE171AF31}"
EndProject
Project("{9A19103F-16F7-4668-BE54-9A1E7A4F7556}") = "BiblioFetch.UIProcessor", "..\BiblioFetch.UIProcessor\BiblioFetch.UIProcessor.csproj", "{06C8B35C-9B72-4FD6-B77D-33A734134D28}"
EndProject
Project("{2150E333-8FDC-42A3-9474-1A3956D46DE8}") = "DataAccess", "DataAccess", "{1B82B7DC-A8B0-4B6F-BD40-69F7A3A859B1}"
EndProject
Project("{2150E333-8FDC-42A3-9474-1A3956D46DE8}") = "Tests", "Tests", "{D0D830B2-F533-4526-AD7F-E5E10902BE6A}"
EndProject
Project("{9A19103F-16F7-4668-BE54-9A1E7A4F7556}") = "BiblioFetch.HttpServicesUnitTests", "..\BiblioFetch.HttpServicesUnitTests\BiblioFetch.HttpServicesUnitTests.csproj", "{DEE43C9C-B872-468A-A31F-9F3C5B5FC6E9}"
EndProject
Project("{9A19103F-16F7-4668-BE54-9A1E7A4F7556}") = "BiblioFetch.DataAccess", "..\BiblioFetch.DataAccess\BiblioFetch.DataAccess.csproj", "{247F72B2-B62B-42DD-BC48-EFFE98015D65}"
EndProject
Project("{9A19103F-16F7-4668-BE54-9A1E7A4F7556}") = "BiblioFetch.Repository", "..\BiblioFetch.Repository\BiblioFetch.Repository.csproj", "{87227877-0509-4481-9CC6-9F2C9B0BBFBE}"
EndProject
Project("{9A19103F-16F7-4668-BE54-9A1E7A4F7556}") = "BiblioFetch.AppSettings", "..\BiblioFetch.AppSettings\BiblioFetch.AppSettings.csproj", "{B5EC9751-3C01-45CD-BC99-C57ED39AE218}"
EndProject
Project("{2150E333-8FDC-42A3-9474-1A3956D46DE8}") = "UIExceptions", "UIExceptions", "{55374F40-4FF0-4EB7-AD40-B9A2497EB2AF}"
EndProject
Project("{9A19103F-16F7-4668-BE54-9A1E7A4F7556}") = "BiblioFetch.UIExceptions", "..\BiblioFetch.UIExceptions\BiblioFetch.UIExceptions.csproj", "{BEA02705-5336-4173-BF62-8E77180A11A5}"
EndProject
Project("{2150E333-8FDC-42A3-9474-1A3956D46DE8}") = "Exceptions", "Exceptions", "{57E18503-CE71-4F4F-86A2-5CA7C92B13A8}"
EndProject
Project("{9A19103F-16F7-4668-BE54-9A1E7A4F7556}") = "BiblioFetch.ServicesExceptions", "..\BiblioFetch.ServicesExceptions\BiblioFetch.ServicesExceptions.csproj", "{B586D50D-AD82-42F9-A00A-87008B504C61}"
EndProject
Project("{FAE04EC0-301F-11D3-BF4B-00C04F79EFBC}") = "BiblioFetch.Enumerators", "..\BiblioFetch.Enum\BiblioFetch.Enumerators.csproj", "{01F89322-38FC-40BA-A5E4-066A32B59F8C}"
EndProject
Project("{FAE04EC0-301F-11D3-BF4B-00C04F79EFBC}") = "BiblioFetch.DataWriter", "..\BiblioFetch.DataWriter\BiblioFetch.DataWriter.csproj", "{F7E2AE36-127A-4D56-9449-6D1F83E2E275}"
EndProject
Project("{FAE04EC0-301F-11D3-BF4B-00C04F79EFBC}") = "BiblioFetch.DataReader", "..\BiblioFetch.DataReader\BiblioFetch.DataReader.csproj", "{9D4D9186-2AD5-459C-AA66-FBC5E2651403}"
EndProject
Project("{FAE04EC0-301F-11D3-BF4B-00C04F79EFBC}") = "BiblioFetch.FileWriterUnitTests", "..\BiblioFetch.FileWriterUnitTests\BiblioFetch.FileWriterUnitTests.csproj", "{86130551-BCD7-4D29-B639-6B320C6A2214}"
EndProject
Project("{FAE04EC0-301F-11D3-BF4B-00C04F79EFBC}") = "BiblioFetch.FileReaderUnitTest", "..\BiblioFetch.DataReaderUnitTest\BiblioFetch.FileReaderUnitTest.csproj", "{699B0EEA-53F0-40DD-86BE-823004C783AA}"
EndProject
Global
	GlobalSection(SolutionConfigurationPlatforms) = preSolution
		Debug|Any CPU = Debug|Any CPU
		Release|Any CPU = Release|Any CPU
	EndGlobalSection
	GlobalSection(ProjectConfigurationPlatforms) = postSolution
		{1FA923DF-D8EE-40A1-8EAB-C20220991880}.Debug|Any CPU.ActiveCfg = Debug|Any CPU
		{1FA923DF-D8EE-40A1-8EAB-C20220991880}.Debug|Any CPU.Build.0 = Debug|Any CPU
		{1FA923DF-D8EE-40A1-8EAB-C20220991880}.Release|Any CPU.ActiveCfg = Release|Any CPU
		{1FA923DF-D8EE-40A1-8EAB-C20220991880}.Release|Any CPU.Build.0 = Release|Any CPU
		{3FD0F401-392B-4F07-8F8D-C9F320D1F477}.Debug|Any CPU.ActiveCfg = Debug|Any CPU
		{3FD0F401-392B-4F07-8F8D-C9F320D1F477}.Debug|Any CPU.Build.0 = Debug|Any CPU
		{3FD0F401-392B-4F07-8F8D-C9F320D1F477}.Release|Any CPU.ActiveCfg = Release|Any CPU
		{3FD0F401-392B-4F07-8F8D-C9F320D1F477}.Release|Any CPU.Build.0 = Release|Any CPU
		{DD87A6C5-64AC-4531-9362-22748E7B2386}.Debug|Any CPU.ActiveCfg = Debug|Any CPU
		{DD87A6C5-64AC-4531-9362-22748E7B2386}.Debug|Any CPU.Build.0 = Debug|Any CPU
		{DD87A6C5-64AC-4531-9362-22748E7B2386}.Release|Any CPU.ActiveCfg = Release|Any CPU
		{DD87A6C5-64AC-4531-9362-22748E7B2386}.Release|Any CPU.Build.0 = Release|Any CPU
		{FF43E54B-3854-468A-9F1B-5D1203988A32}.Debug|Any CPU.ActiveCfg = Debug|Any CPU
		{FF43E54B-3854-468A-9F1B-5D1203988A32}.Debug|Any CPU.Build.0 = Debug|Any CPU
		{FF43E54B-3854-468A-9F1B-5D1203988A32}.Release|Any CPU.ActiveCfg = Release|Any CPU
		{FF43E54B-3854-468A-9F1B-5D1203988A32}.Release|Any CPU.Build.0 = Release|Any CPU
		{CD30B3BD-1851-4B93-BB59-4E8BE171AF31}.Debug|Any CPU.ActiveCfg = Debug|Any CPU
		{CD30B3BD-1851-4B93-BB59-4E8BE171AF31}.Debug|Any CPU.Build.0 = Debug|Any CPU
		{CD30B3BD-1851-4B93-BB59-4E8BE171AF31}.Release|Any CPU.ActiveCfg = Release|Any CPU
		{CD30B3BD-1851-4B93-BB59-4E8BE171AF31}.Release|Any CPU.Build.0 = Release|Any CPU
		{06C8B35C-9B72-4FD6-B77D-33A734134D28}.Debug|Any CPU.ActiveCfg = Debug|Any CPU
		{06C8B35C-9B72-4FD6-B77D-33A734134D28}.Debug|Any CPU.Build.0 = Debug|Any CPU
		{06C8B35C-9B72-4FD6-B77D-33A734134D28}.Release|Any CPU.ActiveCfg = Release|Any CPU
		{06C8B35C-9B72-4FD6-B77D-33A734134D28}.Release|Any CPU.Build.0 = Release|Any CPU
		{DEE43C9C-B872-468A-A31F-9F3C5B5FC6E9}.Debug|Any CPU.ActiveCfg = Debug|Any CPU
		{DEE43C9C-B872-468A-A31F-9F3C5B5FC6E9}.Debug|Any CPU.Build.0 = Debug|Any CPU
		{DEE43C9C-B872-468A-A31F-9F3C5B5FC6E9}.Release|Any CPU.ActiveCfg = Release|Any CPU
		{DEE43C9C-B872-468A-A31F-9F3C5B5FC6E9}.Release|Any CPU.Build.0 = Release|Any CPU
		{247F72B2-B62B-42DD-BC48-EFFE98015D65}.Debug|Any CPU.ActiveCfg = Debug|Any CPU
		{247F72B2-B62B-42DD-BC48-EFFE98015D65}.Debug|Any CPU.Build.0 = Debug|Any CPU
		{247F72B2-B62B-42DD-BC48-EFFE98015D65}.Release|Any CPU.ActiveCfg = Release|Any CPU
		{247F72B2-B62B-42DD-BC48-EFFE98015D65}.Release|Any CPU.Build.0 = Release|Any CPU
		{87227877-0509-4481-9CC6-9F2C9B0BBFBE}.Debug|Any CPU.ActiveCfg = Debug|Any CPU
		{87227877-0509-4481-9CC6-9F2C9B0BBFBE}.Debug|Any CPU.Build.0 = Debug|Any CPU
		{87227877-0509-4481-9CC6-9F2C9B0BBFBE}.Release|Any CPU.ActiveCfg = Release|Any CPU
		{87227877-0509-4481-9CC6-9F2C9B0BBFBE}.Release|Any CPU.Build.0 = Release|Any CPU
		{B5EC9751-3C01-45CD-BC99-C57ED39AE218}.Debug|Any CPU.ActiveCfg = Debug|Any CPU
		{B5EC9751-3C01-45CD-BC99-C57ED39AE218}.Debug|Any CPU.Build.0 = Debug|Any CPU
		{B5EC9751-3C01-45CD-BC99-C57ED39AE218}.Release|Any CPU.ActiveCfg = Release|Any CPU
		{B5EC9751-3C01-45CD-BC99-C57ED39AE218}.Release|Any CPU.Build.0 = Release|Any CPU
		{BEA02705-5336-4173-BF62-8E77180A11A5}.Debug|Any CPU.ActiveCfg = Debug|Any CPU
		{BEA02705-5336-4173-BF62-8E77180A11A5}.Debug|Any CPU.Build.0 = Debug|Any CPU
		{BEA02705-5336-4173-BF62-8E77180A11A5}.Release|Any CPU.ActiveCfg = Release|Any CPU
		{BEA02705-5336-4173-BF62-8E77180A11A5}.Release|Any CPU.Build.0 = Release|Any CPU
		{B586D50D-AD82-42F9-A00A-87008B504C61}.Debug|Any CPU.ActiveCfg = Debug|Any CPU
		{B586D50D-AD82-42F9-A00A-87008B504C61}.Debug|Any CPU.Build.0 = Debug|Any CPU
		{B586D50D-AD82-42F9-A00A-87008B504C61}.Release|Any CPU.ActiveCfg = Release|Any CPU
		{B586D50D-AD82-42F9-A00A-87008B504C61}.Release|Any CPU.Build.0 = Release|Any CPU
		{01F89322-38FC-40BA-A5E4-066A32B59F8C}.Debug|Any CPU.ActiveCfg = Debug|Any CPU
		{01F89322-38FC-40BA-A5E4-066A32B59F8C}.Debug|Any CPU.Build.0 = Debug|Any CPU
		{01F89322-38FC-40BA-A5E4-066A32B59F8C}.Release|Any CPU.ActiveCfg = Release|Any CPU
		{01F89322-38FC-40BA-A5E4-066A32B59F8C}.Release|Any CPU.Build.0 = Release|Any CPU
		{F7E2AE36-127A-4D56-9449-6D1F83E2E275}.Debug|Any CPU.ActiveCfg = Debug|Any CPU
		{F7E2AE36-127A-4D56-9449-6D1F83E2E275}.Debug|Any CPU.Build.0 = Debug|Any CPU
		{F7E2AE36-127A-4D56-9449-6D1F83E2E275}.Release|Any CPU.ActiveCfg = Release|Any CPU
		{F7E2AE36-127A-4D56-9449-6D1F83E2E275}.Release|Any CPU.Build.0 = Release|Any CPU
		{9D4D9186-2AD5-459C-AA66-FBC5E2651403}.Debug|Any CPU.ActiveCfg = Debug|Any CPU
		{9D4D9186-2AD5-459C-AA66-FBC5E2651403}.Debug|Any CPU.Build.0 = Debug|Any CPU
		{9D4D9186-2AD5-459C-AA66-FBC5E2651403}.Release|Any CPU.ActiveCfg = Release|Any CPU
		{9D4D9186-2AD5-459C-AA66-FBC5E2651403}.Release|Any CPU.Build.0 = Release|Any CPU
		{86130551-BCD7-4D29-B639-6B320C6A2214}.Debug|Any CPU.ActiveCfg = Debug|Any CPU
		{86130551-BCD7-4D29-B639-6B320C6A2214}.Debug|Any CPU.Build.0 = Debug|Any CPU
		{86130551-BCD7-4D29-B639-6B320C6A2214}.Release|Any CPU.ActiveCfg = Release|Any CPU
		{86130551-BCD7-4D29-B639-6B320C6A2214}.Release|Any CPU.Build.0 = Release|Any CPU
		{699B0EEA-53F0-40DD-86BE-823004C783AA}.Debug|Any CPU.ActiveCfg = Debug|Any CPU
		{699B0EEA-53F0-40DD-86BE-823004C783AA}.Debug|Any CPU.Build.0 = Debug|Any CPU
		{699B0EEA-53F0-40DD-86BE-823004C783AA}.Release|Any CPU.ActiveCfg = Release|Any CPU
		{699B0EEA-53F0-40DD-86BE-823004C783AA}.Release|Any CPU.Build.0 = Release|Any CPU
	EndGlobalSection
	GlobalSection(SolutionProperties) = preSolution
		HideSolutionNode = FALSE
	EndGlobalSection
	GlobalSection(NestedProjects) = preSolution
		{1FA923DF-D8EE-40A1-8EAB-C20220991880} = {93F4F679-1CBC-4CFE-8F50-1B892ED791C0}
		{B7B9A989-AEE1-409B-9DD0-EF099F2F703D} = {8D4AA4E8-DEAC-4E37-9B54-0FE5C50C670C}
		{025343C8-7CF6-4D4F-8025-77CAF135E8AF} = {8D4AA4E8-DEAC-4E37-9B54-0FE5C50C670C}
		{3FD0F401-392B-4F07-8F8D-C9F320D1F477} = {025343C8-7CF6-4D4F-8025-77CAF135E8AF}
		{C0BEB62E-CA1B-4605-B5B6-7284318AE687} = {8D4AA4E8-DEAC-4E37-9B54-0FE5C50C670C}
		{DD87A6C5-64AC-4531-9362-22748E7B2386} = {C0BEB62E-CA1B-4605-B5B6-7284318AE687}
		{33EA4294-08E2-4E33-B41E-8734BC76A5BF} = {8D4AA4E8-DEAC-4E37-9B54-0FE5C50C670C}
		{FF43E54B-3854-468A-9F1B-5D1203988A32} = {33EA4294-08E2-4E33-B41E-8734BC76A5BF}
		{D1991C0D-C8FA-4804-8E83-D63FF8CE03A4} = {7983DC51-94B5-40C5-A8FC-1432825D7320}
		{D1602758-F8CE-4F2D-BACA-097D990B3FF8} = {7983DC51-94B5-40C5-A8FC-1432825D7320}
		{CEB137BF-B393-4B00-B34A-252D2E3EE761} = {7983DC51-94B5-40C5-A8FC-1432825D7320}
		{CD30B3BD-1851-4B93-BB59-4E8BE171AF31} = {D1602758-F8CE-4F2D-BACA-097D990B3FF8}
		{06C8B35C-9B72-4FD6-B77D-33A734134D28} = {CEB137BF-B393-4B00-B34A-252D2E3EE761}
		{1B82B7DC-A8B0-4B6F-BD40-69F7A3A859B1} = {8D4AA4E8-DEAC-4E37-9B54-0FE5C50C670C}
		{DEE43C9C-B872-468A-A31F-9F3C5B5FC6E9} = {D0D830B2-F533-4526-AD7F-E5E10902BE6A}
		{247F72B2-B62B-42DD-BC48-EFFE98015D65} = {1B82B7DC-A8B0-4B6F-BD40-69F7A3A859B1}
		{87227877-0509-4481-9CC6-9F2C9B0BBFBE} = {B7B9A989-AEE1-409B-9DD0-EF099F2F703D}
		{B5EC9751-3C01-45CD-BC99-C57ED39AE218} = {C0BEB62E-CA1B-4605-B5B6-7284318AE687}
		{55374F40-4FF0-4EB7-AD40-B9A2497EB2AF} = {7983DC51-94B5-40C5-A8FC-1432825D7320}
		{BEA02705-5336-4173-BF62-8E77180A11A5} = {55374F40-4FF0-4EB7-AD40-B9A2497EB2AF}
		{57E18503-CE71-4F4F-86A2-5CA7C92B13A8} = {8D4AA4E8-DEAC-4E37-9B54-0FE5C50C670C}
		{B586D50D-AD82-42F9-A00A-87008B504C61} = {57E18503-CE71-4F4F-86A2-5CA7C92B13A8}
		{01F89322-38FC-40BA-A5E4-066A32B59F8C} = {025343C8-7CF6-4D4F-8025-77CAF135E8AF}
		{F7E2AE36-127A-4D56-9449-6D1F83E2E275} = {C0BEB62E-CA1B-4605-B5B6-7284318AE687}
		{9D4D9186-2AD5-459C-AA66-FBC5E2651403} = {D1991C0D-C8FA-4804-8E83-D63FF8CE03A4}
		{86130551-BCD7-4D29-B639-6B320C6A2214} = {D0D830B2-F533-4526-AD7F-E5E10902BE6A}
		{699B0EEA-53F0-40DD-86BE-823004C783AA} = {D0D830B2-F533-4526-AD7F-E5E10902BE6A}
	EndGlobalSection
	GlobalSection(ExtensibilityGlobals) = postSolution
		SolutionGuid = {23BC38F4-BEEB-4DA5-B08C-AD5FB7A9C565}
	EndGlobalSection
EndGlobal
